PODS:
  - Flutter (1.0.0)
  - plain_notification_token (0.0.1):
    - Flutter

DEPENDENCIES:
  - Flutter (from `Flutter`)
  - plain_notification_token (from `.symlinks/plugins/plain_notification_token/ios`)

EXTERNAL SOURCES:
  Flutter:
    :path: Flutter
  plain_notification_token:
    :path: ".symlinks/plugins/plain_notification_token/ios"

SPEC CHECKSUMS:
  Flutter: 50d75fe2f02b26cc09d224853bb45737f8b3214a
  plain_notification_token: b36467dc91939a7b6754267c701bbaca14996ee1

PODFILE CHECKSUM: 8e679eca47255a8ca8067c4c67aab20e64cb974d

COCOAPODS: 1.11.2
